
Microsoft Visual Studio Solution File, Format Version 12.00
# Visual Studio Version 17
VisualStudioVersion = 17.1.32319.34
MinimumVisualStudioVersion = 10.0.40219.1
Project("{FAE04EC0-301F-11D3-BF4B-00C04F79EFBC}") = "Labs1", "Labs1\Labs1.csproj", "{008F0DE4-CC2C-4330-978F-BBEBF752A1AF}"
EndProject
Project("{FAE04EC0-301F-11D3-BF4B-00C04F79EFBC}") = "ClassLibrary1", "ClassLibrary1\ClassLibrary1.csproj", "{A36462E8-EA72-48AD-BF30-E0D3A856C571}"
EndProject
Global
	GlobalSection(SolutionConfigurationPlatforms) = preSolution
		Debug|Any CPU = Debug|Any CPU
		Release|Any CPU = Release|Any CPU
	EndGlobalSection
	GlobalSection(ProjectConfigurationPlatforms) = postSolution
		{008F0DE4-CC2C-4330-978F-BBEBF752A1AF}.Debug|Any CPU.ActiveCfg = Debug|Any CPU
		{008F0DE4-CC2C-4330-978F-BBEBF752A1AF}.Debug|Any CPU.Build.0 = Debug|Any CPU
		{008F0DE4-CC2C-4330-978F-BBEBF752A1AF}.Release|Any CPU.ActiveCfg = Release|Any CPU
		{008F0DE4-CC2C-4330-978F-BBEBF752A1AF}.Release|Any CPU.Build.0 = Release|Any CPU
		{A36462E8-EA72-48AD-BF30-E0D3A856C571}.Debug|Any CPU.ActiveCfg = Debug|Any CPU
		{A36462E8-EA72-48AD-BF30-E0D3A856C571}.Debug|Any CPU.Build.0 = Debug|Any CPU
		{A36462E8-EA72-48AD-BF30-E0D3A856C571}.Release|Any CPU.ActiveCfg = Release|Any CPU
		{A36462E8-EA72-48AD-BF30-E0D3A856C571}.Release|Any CPU.Build.0 = Release|Any CPU
	EndGlobalSection
	GlobalSection(SolutionProperties) = preSolution
		HideSolutionNode = FALSE
	EndGlobalSection
	GlobalSection(ExtensibilityGlobals) = postSolution
		SolutionGuid = {BFD4570D-5E46-4760-9F77-69777D9BB770}
	EndGlobalSection
EndGlobal
